
Microsoft Visual Studio Solution File, Format Version 12.00
# Visual Studio Version 18
VisualStudioVersion = 18.6.11806.211 stable
MinimumVisualStudioVersion = 15.0.26124.0
Project("{9A19103F-16F7-4668-BE54-9A1E7A4F7556}") = "Blazorade.Bootstrap.Components", "Blazorade.Bootstrap.Components\Blazorade.Bootstrap.Components.csproj", "{A57944EB-7A78-4CF6-B8C2-EA22C4AF8A91}"
EndProject
Project("{9A19103F-16F7-4668-BE54-9A1E7A4F7556}") = "Blazorade.Bootstrap.Components.Showroom", "Blazorade.Bootstrap.Components.Showroom\Blazorade.Bootstrap.Components.Showroom.csproj", "{7E685721-33A6-4A38-A299-8D29E07D84F1}"
EndProject
Project("{9A19103F-16F7-4668-BE54-9A1E7A4F7556}") = "ServerTestHost", "ServerTestHost\ServerTestHost.csproj", "{0DBCE22E-F384-4995-8AB4-275315D32059}"
EndProject
Project("{9A19103F-16F7-4668-BE54-9A1E7A4F7556}") = "ClientTestHost", "ClientTestHost\ClientTestHost.csproj", "{E620D412-1039-4F00-B851-FEB9AC6A670F}"
EndProject
Project("{9A19103F-16F7-4668-BE54-9A1E7A4F7556}") = "ServerAppDev", "ServerAppDev\ServerAppDev.csproj", "{B65F4B60-D2B2-4DA5-9BD0-0820989DDBAE}"
EndProject
Project("{9A19103F-16F7-4668-BE54-9A1E7A4F7556}") = "Blazorade.Bootstrap.Components.Tests", "Blazorade.Bootstrap.Components.Tests\Blazorade.Bootstrap.Components.Tests.csproj", "{DEAEC50A-547A-44EB-A5B7-F4B56F77D353}"
EndProject
Project("{FAE04EC0-301F-11D3-BF4B-00C04F79EFBC}") = "Blazorade.Bootstrap", "src\v5\Blazorade.Bootstrap\Blazorade.Bootstrap.csproj", "{E2D13BF2-DFB6-4C51-92AB-FFCEF60A0A15}"
EndProject
Project("{2150E333-8FDC-42A3-9474-1A3956D46DE8}") = "Showroom", "Showroom", "{02EA681E-C7D8-13C7-8484-4AC65E1B71E8}"
EndProject
Project("{2150E333-8FDC-42A3-9474-1A3956D46DE8}") = "v3", "v3", "{384A9F40-B2C4-4701-8941-0AC41403B45C}"
EndProject
Project("{2150E333-8FDC-42A3-9474-1A3956D46DE8}") = "v5", "v5", "{F58B2A92-814D-43BF-A627-EF8393CBFB99}"
EndProject
Project("{2150E333-8FDC-42A3-9474-1A3956D46DE8}") = "dev", "dev", "{C38D2AE6-26F0-47B0-B918-B3EAA93C4DEA}"
EndProject
Project("{2150E333-8FDC-42A3-9474-1A3956D46DE8}") = "v3", "v3", "{1E62A877-D289-44DD-BB23-776CA581EFB2}"
EndProject
Project("{FAE04EC0-301F-11D3-BF4B-00C04F79EFBC}") = "Blazorade.Bootstrap.Showroom", "src\v5\Blazorade.Bootstrap.Showroom\Blazorade.Bootstrap.Showroom.csproj", "{D4A8215B-794C-4C33-937F-ED7B7784376B}"
EndProject
Project("{2150E333-8FDC-42A3-9474-1A3956D46DE8}") = "Support Resources", "Support Resources", "{BB45E9AD-8DA9-4B1C-9544-4E7095678A04}"
EndProject
Project("{2150E333-8FDC-42A3-9474-1A3956D46DE8}") = "src", "src", "{827E0CD3-B72D-47B6-A68D-7590B98EB39B}"
EndProject
Project("{2150E333-8FDC-42A3-9474-1A3956D46DE8}") = "v5", "v5", "{1875216E-3712-617C-A923-6E9358A1DEFF}"
EndProject
Project("{FAE04EC0-301F-11D3-BF4B-00C04F79EFBC}") = "BlazoradBootstrapv5ShowroomServer", "src\v5\BlazoradBootstrapv5ShowroomServer\BlazoradBootstrapv5ShowroomServer.csproj", "{2793B7EE-B150-4091-AC5A-39ADDB9673CD}"
EndProject
Project("{FAE04EC0-301F-11D3-BF4B-00C04F79EFBC}") = "BlazoradBootstrapv5ShowroomWasm", "src\v5\BlazoradBootstrapv5ShowroomWasm\BlazoradBootstrapv5ShowroomWasm.csproj", "{1E966FE6-E55F-4247-B147-04F917F88466}"
EndProject
Global
	GlobalSection(SolutionConfigurationPlatforms) = preSolution
		Debug|Any CPU = Debug|Any CPU
		Debug|x64 = Debug|x64
		Debug|x86 = Debug|x86
		Release|Any CPU = Release|Any CPU
		Release|x64 = Release|x64
		Release|x86 = Release|x86
	EndGlobalSection
	GlobalSection(ProjectConfigurationPlatforms) = postSolution
		{A57944EB-7A78-4CF6-B8C2-EA22C4AF8A91}.Debug|Any CPU.ActiveCfg = Debug|Any CPU
		{A57944EB-7A78-4CF6-B8C2-EA22C4AF8A91}.Debug|Any CPU.Build.0 = Debug|Any CPU
		{A57944EB-7A78-4CF6-B8C2-EA22C4AF8A91}.Debug|x64.ActiveCfg = Debug|Any CPU
		{A57944EB-7A78-4CF6-B8C2-EA22C4AF8A91}.Debug|x64.Build.0 = Debug|Any CPU
		{A57944EB-7A78-4CF6-B8C2-EA22C4AF8A91}.Debug|x86.ActiveCfg = Debug|Any CPU
		{A57944EB-7A78-4CF6-B8C2-EA22C4AF8A91}.Debug|x86.Build.0 = Debug|Any CPU
		{A57944EB-7A78-4CF6-B8C2-EA22C4AF8A91}.Release|Any CPU.ActiveCfg = Release|Any CPU
		{A57944EB-7A78-4CF6-B8C2-EA22C4AF8A91}.Release|Any CPU.Build.0 = Release|Any CPU
		{A57944EB-7A78-4CF6-B8C2-EA22C4AF8A91}.Release|x64.ActiveCfg = Release|Any CPU
		{A57944EB-7A78-4CF6-B8C2-EA22C4AF8A91}.Release|x64.Build.0 = Release|Any CPU
		{A57944EB-7A78-4CF6-B8C2-EA22C4AF8A91}.Release|x86.ActiveCfg = Release|Any CPU
		{A57944EB-7A78-4CF6-B8C2-EA22C4AF8A91}.Release|x86.Build.0 = Release|Any CPU
		{7E685721-33A6-4A38-A299-8D29E07D84F1}.Debug|Any CPU.ActiveCfg = Debug|Any CPU
		{7E685721-33A6-4A38-A299-8D29E07D84F1}.Debug|Any CPU.Build.0 = Debug|Any CPU
		{7E685721-33A6-4A38-A299-8D29E07D84F1}.Debug|x64.ActiveCfg = Debug|Any CPU
		{7E685721-33A6-4A38-A299-8D29E07D84F1}.Debug|x64.Build.0 = Debug|Any CPU
		{7E685721-33A6-4A38-A299-8D29E07D84F1}.Debug|x86.ActiveCfg = Debug|Any CPU
		{7E685721-33A6-4A38-A299-8D29E07D84F1}.Debug|x86.Build.0 = Debug|Any CPU
		{7E685721-33A6-4A38-A299-8D29E07D84F1}.Release|Any CPU.ActiveCfg = Release|Any CPU
		{7E685721-33A6-4A38-A299-8D29E07D84F1}.Release|Any CPU.Build.0 = Release|Any CPU
		{7E685721-33A6-4A38-A299-8D29E07D84F1}.Release|x64.ActiveCfg = Release|Any CPU
		{7E685721-33A6-4A38-A299-8D29E07D84F1}.Release|x64.Build.0 = Release|Any CPU
		{7E685721-33A6-4A38-A299-8D29E07D84F1}.Release|x86.ActiveCfg = Release|Any CPU
		{7E685721-33A6-4A38-A299-8D29E07D84F1}.Release|x86.Build.0 = Release|Any CPU
		{0DBCE22E-F384-4995-8AB4-275315D32059}.Debug|Any CPU.ActiveCfg = Debug|Any CPU
		{0DBCE22E-F384-4995-8AB4-275315D32059}.Debug|Any CPU.Build.0 = Debug|Any CPU
		{0DBCE22E-F384-4995-8AB4-275315D32059}.Debug|x64.ActiveCfg = Debug|Any CPU
		{0DBCE22E-F384-4995-8AB4-275315D32059}.Debug|x64.Build.0 = Debug|Any CPU
		{0DBCE22E-F384-4995-8AB4-275315D32059}.Debug|x86.ActiveCfg = Debug|Any CPU
		{0DBCE22E-F384-4995-8AB4-275315D32059}.Debug|x86.Build.0 = Debug|Any CPU
		{0DBCE22E-F384-4995-8AB4-275315D32059}.Release|Any CPU.ActiveCfg = Release|Any CPU
		{0DBCE22E-F384-4995-8AB4-275315D32059}.Release|Any CPU.Build.0 = Release|Any CPU
		{0DBCE22E-F384-4995-8AB4-275315D32059}.Release|x64.ActiveCfg = Release|Any CPU
		{0DBCE22E-F384-4995-8AB4-275315D32059}.Release|x64.Build.0 = Release|Any CPU
		{0DBCE22E-F384-4995-8AB4-275315D32059}.Release|x86.ActiveCfg = Release|Any CPU
		{0DBCE22E-F384-4995-8AB4-275315D32059}.Release|x86.Build.0 = Release|Any CPU
		{E620D412-1039-4F00-B851-FEB9AC6A670F}.Debug|Any CPU.ActiveCfg = Debug|Any CPU
		{E620D412-1039-4F00-B851-FEB9AC6A670F}.Debug|Any CPU.Build.0 = Debug|Any CPU
		{E620D412-1039-4F00-B851-FEB9AC6A670F}.Debug|x64.ActiveCfg = Debug|Any CPU
		{E620D412-1039-4F00-B851-FEB9AC6A670F}.Debug|x64.Build.0 = Debug|Any CPU
		{E620D412-1039-4F00-B851-FEB9AC6A670F}.Debug|x86.ActiveCfg = Debug|Any CPU
		{E620D412-1039-4F00-B851-FEB9AC6A670F}.Debug|x86.Build.0 = Debug|Any CPU
		{E620D412-1039-4F00-B851-FEB9AC6A670F}.Release|Any CPU.ActiveCfg = Release|Any CPU
		{E620D412-1039-4F00-B851-FEB9AC6A670F}.Release|Any CPU.Build.0 = Release|Any CPU
		{E620D412-1039-4F00-B851-FEB9AC6A670F}.Release|x64.ActiveCfg = Release|Any CPU
		{E620D412-1039-4F00-B851-FEB9AC6A670F}.Release|x64.Build.0 = Release|Any CPU
		{E620D412-1039-4F00-B851-FEB9AC6A670F}.Release|x86.ActiveCfg = Release|Any CPU
		{E620D412-1039-4F00-B851-FEB9AC6A670F}.Release|x86.Build.0 = Release|Any CPU
		{B65F4B60-D2B2-4DA5-9BD0-0820989DDBAE}.Debug|Any CPU.ActiveCfg = Debug|Any CPU
		{B65F4B60-D2B2-4DA5-9BD0-0820989DDBAE}.Debug|Any CPU.Build.0 = Debug|Any CPU
		{B65F4B60-D2B2-4DA5-9BD0-0820989DDBAE}.Debug|x64.ActiveCfg = Debug|Any CPU
		{B65F4B60-D2B2-4DA5-9BD0-0820989DDBAE}.Debug|x64.Build.0 = Debug|Any CPU
		{B65F4B60-D2B2-4DA5-9BD0-0820989DDBAE}.Debug|x86.ActiveCfg = Debug|Any CPU
		{B65F4B60-D2B2-4DA5-9BD0-0820989DDBAE}.Debug|x86.Build.0 = Debug|Any CPU
		{B65F4B60-D2B2-4DA5-9BD0-0820989DDBAE}.Release|Any CPU.ActiveCfg = Release|Any CPU
		{B65F4B60-D2B2-4DA5-9BD0-0820989DDBAE}.Release|Any CPU.Build.0 = Release|Any CPU
		{B65F4B60-D2B2-4DA5-9BD0-0820989DDBAE}.Release|x64.ActiveCfg = Release|Any CPU
		{B65F4B60-D2B2-4DA5-9BD0-0820989DDBAE}.Release|x64.Build.0 = Release|Any CPU
		{B65F4B60-D2B2-4DA5-9BD0-0820989DDBAE}.Release|x86.ActiveCfg = Release|Any CPU
		{B65F4B60-D2B2-4DA5-9BD0-0820989DDBAE}.Release|x86.Build.0 = Release|Any CPU
		{DEAEC50A-547A-44EB-A5B7-F4B56F77D353}.Debug|Any CPU.ActiveCfg = Debug|Any CPU
		{DEAEC50A-547A-44EB-A5B7-F4B56F77D353}.Debug|Any CPU.Build.0 = Debug|Any CPU
		{DEAEC50A-547A-44EB-A5B7-F4B56F77D353}.Debug|x64.ActiveCfg = Debug|Any CPU
		{DEAEC50A-547A-44EB-A5B7-F4B56F77D353}.Debug|x64.Build.0 = Debug|Any CPU
		{DEAEC50A-547A-44EB-A5B7-F4B56F77D353}.Debug|x86.ActiveCfg = Debug|Any CPU
		{DEAEC50A-547A-44EB-A5B7-F4B56F77D353}.Debug|x86.Build.0 = Debug|Any CPU
		{DEAEC50A-547A-44EB-A5B7-F4B56F77D353}.Release|Any CPU.ActiveCfg = Release|Any CPU
		{DEAEC50A-547A-44EB-A5B7-F4B56F77D353}.Release|Any CPU.Build.0 = Release|Any CPU
		{DEAEC50A-547A-44EB-A5B7-F4B56F77D353}.Release|x64.ActiveCfg = Release|Any CPU
		{DEAEC50A-547A-44EB-A5B7-F4B56F77D353}.Release|x64.Build.0 = Release|Any CPU
		{DEAEC50A-547A-44EB-A5B7-F4B56F77D353}.Release|x86.ActiveCfg = Release|Any CPU
		{DEAEC50A-547A-44EB-A5B7-F4B56F77D353}.Release|x86.Build.0 = Release|Any CPU
		{E2D13BF2-DFB6-4C51-92AB-FFCEF60A0A15}.Debug|Any CPU.ActiveCfg = Debug|Any CPU
		{E2D13BF2-DFB6-4C51-92AB-FFCEF60A0A15}.Debug|Any CPU.Build.0 = Debug|Any CPU
		{E2D13BF2-DFB6-4C51-92AB-FFCEF60A0A15}.Debug|x64.ActiveCfg = Debug|Any CPU
		{E2D13BF2-DFB6-4C51-92AB-FFCEF60A0A15}.Debug|x64.Build.0 = Debug|Any CPU
		{E2D13BF2-DFB6-4C51-92AB-FFCEF60A0A15}.Debug|x86.ActiveCfg = Debug|Any CPU
		{E2D13BF2-DFB6-4C51-92AB-FFCEF60A0A15}.Debug|x86.Build.0 = Debug|Any CPU
		{E2D13BF2-DFB6-4C51-92AB-FFCEF60A0A15}.Release|Any CPU.ActiveCfg = Release|Any CPU
		{E2D13BF2-DFB6-4C51-92AB-FFCEF60A0A15}.Release|Any CPU.Build.0 = Release|Any CPU
		{E2D13BF2-DFB6-4C51-92AB-FFCEF60A0A15}.Release|x64.ActiveCfg = Release|Any CPU
		{E2D13BF2-DFB6-4C51-92AB-FFCEF60A0A15}.Release|x64.Build.0 = Release|Any CPU
		{E2D13BF2-DFB6-4C51-92AB-FFCEF60A0A15}.Release|x86.ActiveCfg = Release|Any CPU
		{E2D13BF2-DFB6-4C51-92AB-FFCEF60A0A15}.Release|x86.Build.0 = Release|Any CPU
		{D4A8215B-794C-4C33-937F-ED7B7784376B}.Debug|Any CPU.ActiveCfg = Debug|Any CPU
		{D4A8215B-794C-4C33-937F-ED7B7784376B}.Debug|Any CPU.Build.0 = Debug|Any CPU
		{D4A8215B-794C-4C33-937F-ED7B7784376B}.Debug|x64.ActiveCfg = Debug|Any CPU
		{D4A8215B-794C-4C33-937F-ED7B7784376B}.Debug|x64.Build.0 = Debug|Any CPU
		{D4A8215B-794C-4C33-937F-ED7B7784376B}.Debug|x86.ActiveCfg = Debug|Any CPU
		{D4A8215B-794C-4C33-937F-ED7B7784376B}.Debug|x86.Build.0 = Debug|Any CPU
		{D4A8215B-794C-4C33-937F-ED7B7784376B}.Release|Any CPU.ActiveCfg = Release|Any CPU
		{D4A8215B-794C-4C33-937F-ED7B7784376B}.Release|Any CPU.Build.0 = Release|Any CPU
		{D4A8215B-794C-4C33-937F-ED7B7784376B}.Release|x64.ActiveCfg = Release|Any CPU
		{D4A8215B-794C-4C33-937F-ED7B7784376B}.Release|x64.Build.0 = Release|Any CPU
		{D4A8215B-794C-4C33-937F-ED7B7784376B}.Release|x86.ActiveCfg = Release|Any CPU
		{D4A8215B-794C-4C33-937F-ED7B7784376B}.Release|x86.Build.0 = Release|Any CPU
		{2793B7EE-B150-4091-AC5A-39ADDB9673CD}.Debug|Any CPU.ActiveCfg = Debug|Any CPU
		{2793B7EE-B150-4091-AC5A-39ADDB9673CD}.Debug|Any CPU.Build.0 = Debug|Any CPU
		{2793B7EE-B150-4091-AC5A-39ADDB9673CD}.Debug|x64.ActiveCfg = Debug|Any CPU
		{2793B7EE-B150-4091-AC5A-39ADDB9673CD}.Debug|x64.Build.0 = Debug|Any CPU
		{2793B7EE-B150-4091-AC5A-39ADDB9673CD}.Debug|x86.ActiveCfg = Debug|Any CPU
		{2793B7EE-B150-4091-AC5A-39ADDB9673CD}.Debug|x86.Build.0 = Debug|Any CPU
		{2793B7EE-B150-4091-AC5A-39ADDB9673CD}.Release|Any CPU.ActiveCfg = Release|Any CPU
		{2793B7EE-B150-4091-AC5A-39ADDB9673CD}.Release|Any CPU.Build.0 = Release|Any CPU
		{2793B7EE-B150-4091-AC5A-39ADDB9673CD}.Release|x64.ActiveCfg = Release|Any CPU
		{2793B7EE-B150-4091-AC5A-39ADDB9673CD}.Release|x64.Build.0 = Release|Any CPU
		{2793B7EE-B150-4091-AC5A-39ADDB9673CD}.Release|x86.ActiveCfg = Release|Any CPU
		{2793B7EE-B150-4091-AC5A-39ADDB9673CD}.Release|x86.Build.0 = Release|Any CPU
		{1E966FE6-E55F-4247-B147-04F917F88466}.Debug|Any CPU.ActiveCfg = Debug|Any CPU
		{1E966FE6-E55F-4247-B147-04F917F88466}.Debug|Any CPU.Build.0 = Debug|Any CPU
		{1E966FE6-E55F-4247-B147-04F917F88466}.Debug|x64.ActiveCfg = Debug|Any CPU
		{1E966FE6-E55F-4247-B147-04F917F88466}.Debug|x64.Build.0 = Debug|Any CPU
		{1E966FE6-E55F-4247-B147-04F917F88466}.Debug|x86.ActiveCfg = Debug|Any CPU
		{1E966FE6-E55F-4247-B147-04F917F88466}.Debug|x86.Build.0 = Debug|Any CPU
		{1E966FE6-E55F-4247-B147-04F917F88466}.Release|Any CPU.ActiveCfg = Release|Any CPU
		{1E966FE6-E55F-4247-B147-04F917F88466}.Release|Any CPU.Build.0 = Release|Any CPU
		{1E966FE6-E55F-4247-B147-04F917F88466}.Release|x64.ActiveCfg = Release|Any CPU
		{1E966FE6-E55F-4247-B147-04F917F88466}.Release|x64.Build.0 = Release|Any CPU
		{1E966FE6-E55F-4247-B147-04F917F88466}.Release|x86.ActiveCfg = Release|Any CPU
		{1E966FE6-E55F-4247-B147-04F917F88466}.Release|x86.Build.0 = Release|Any CPU
	EndGlobalSection
	GlobalSection(SolutionProperties) = preSolution
		HideSolutionNode = FALSE
	EndGlobalSection
	GlobalSection(NestedProjects) = preSolution
		{7E685721-33A6-4A38-A299-8D29E07D84F1} = {384A9F40-B2C4-4701-8941-0AC41403B45C}
		{0DBCE22E-F384-4995-8AB4-275315D32059} = {384A9F40-B2C4-4701-8941-0AC41403B45C}
		{E620D412-1039-4F00-B851-FEB9AC6A670F} = {384A9F40-B2C4-4701-8941-0AC41403B45C}
		{B65F4B60-D2B2-4DA5-9BD0-0820989DDBAE} = {1E62A877-D289-44DD-BB23-776CA581EFB2}
		{02EA681E-C7D8-13C7-8484-4AC65E1B71E8} = {BB45E9AD-8DA9-4B1C-9544-4E7095678A04}
		{384A9F40-B2C4-4701-8941-0AC41403B45C} = {02EA681E-C7D8-13C7-8484-4AC65E1B71E8}
		{F58B2A92-814D-43BF-A627-EF8393CBFB99} = {02EA681E-C7D8-13C7-8484-4AC65E1B71E8}
		{C38D2AE6-26F0-47B0-B918-B3EAA93C4DEA} = {BB45E9AD-8DA9-4B1C-9544-4E7095678A04}
		{1E62A877-D289-44DD-BB23-776CA581EFB2} = {C38D2AE6-26F0-47B0-B918-B3EAA93C4DEA}
		{D4A8215B-794C-4C33-937F-ED7B7784376B} = {F58B2A92-814D-43BF-A627-EF8393CBFB99}
		{1875216E-3712-617C-A923-6E9358A1DEFF} = {827E0CD3-B72D-47B6-A68D-7590B98EB39B}
		{2793B7EE-B150-4091-AC5A-39ADDB9673CD} = {F58B2A92-814D-43BF-A627-EF8393CBFB99}
		{1E966FE6-E55F-4247-B147-04F917F88466} = {F58B2A92-814D-43BF-A627-EF8393CBFB99}
	EndGlobalSection
	GlobalSection(ExtensibilityGlobals) = postSolution
		SolutionGuid = {7FA67479-D58A-415E-BF6A-C9C7A128A519}
	EndGlobalSection
EndGlobal
