
Microsoft Visual Studio Solution File, Format Version 12.00
# Visual Studio Version 17
VisualStudioVersion = 17.14.36717.8 d17.14
MinimumVisualStudioVersion = 15.0.26124.0
Project("{9A19103F-16F7-4668-BE54-9A1E7A4F7556}") = "Blazorade.Bootstrap.Components", "Blazorade.Bootstrap.Components\Blazorade.Bootstrap.Components.csproj", "{A57944EB-7A78-4CF6-B8C2-EA22C4AF8A91}"
EndProject
Project("{9A19103F-16F7-4668-BE54-9A1E7A4F7556}") = "Blazorade.Bootstrap.Components.Showroom", "Blazorade.Bootstrap.Components.Showroom\Blazorade.Bootstrap.Components.Showroom.csproj", "{7E685721-33A6-4A38-A299-8D29E07D84F1}"
EndProject
Project("{9A19103F-16F7-4668-BE54-9A1E7A4F7556}") = "ServerTestHost", "ServerTestHost\ServerTestHost.csproj", "{0DBCE22E-F384-4995-8AB4-275315D32059}"
EndProject
Project("{9A19103F-16F7-4668-BE54-9A1E7A4F7556}") = "ClientTestHost", "ClientTestHost\ClientTestHost.csproj", "{E620D412-1039-4F00-B851-FEB9AC6A670F}"
EndProject
Project("{9A19103F-16F7-4668-BE54-9A1E7A4F7556}") = "ServerAppDev", "ServerAppDev\ServerAppDev.csproj", "{B65F4B60-D2B2-4DA5-9BD0-0820989DDBAE}"
EndProject
Project("{9A19103F-16F7-4668-BE54-9A1E7A4F7556}") = "Blazorade.Bootstrap.Components.Tests", "Blazorade.Bootstrap.Components.Tests\Blazorade.Bootstrap.Components.Tests.csproj", "{DEAEC50A-547A-44EB-A5B7-F4B56F77D353}"
EndProject
Project("{FAE04EC0-301F-11D3-BF4B-00C04F79EFBC}") = "Blazorade.Bootstrap", "Blazorade.Bootstrap\Blazorade.Bootstrap.csproj", "{E2D13BF2-DFB6-4C51-92AB-FFCEF60A0A15}"
EndProject
Project("{2150E333-8FDC-42A3-9474-1A3956D46DE8}") = "Showroom", "Showroom", "{02EA681E-C7D8-13C7-8484-4AC65E1B71E8}"
EndProject
Project("{2150E333-8FDC-42A3-9474-1A3956D46DE8}") = "v3", "v3", "{384A9F40-B2C4-4701-8941-0AC41403B45C}"
EndProject
Project("{2150E333-8FDC-42A3-9474-1A3956D46DE8}") = "v5", "v5", "{F58B2A92-814D-43BF-A627-EF8393CBFB99}"
EndProject
Project("{2150E333-8FDC-42A3-9474-1A3956D46DE8}") = "dev", "dev", "{C38D2AE6-26F0-47B0-B918-B3EAA93C4DEA}"
EndProject
Project("{2150E333-8FDC-42A3-9474-1A3956D46DE8}") = "v3", "v3", "{1E62A877-D289-44DD-BB23-776CA581EFB2}"
EndProject
Project("{2150E333-8FDC-42A3-9474-1A3956D46DE8}") = "v5", "v5", "{4392F274-A687-4489-AFB2-A9E595DE7597}"
EndProject
Project("{FAE04EC0-301F-11D3-BF4B-00C04F79EFBC}") = "Blazorade.Bootstrap.Showroom", "Blazorade.Bootstrap.Showroom\Blazorade.Bootstrap.Showroom.csproj", "{D4A8215B-794C-4C33-937F-ED7B7784376B}"
EndProject
Project("{FAE04EC0-301F-11D3-BF4B-00C04F79EFBC}") = "ServerDevAppv5", "ServerDevAppv5\ServerDevAppv5.csproj", "{D078A93A-8A90-4C1C-ABBC-1302BC0DDEAA}"
EndProject
Project("{2150E333-8FDC-42A3-9474-1A3956D46DE8}") = "Support Resources", "Support Resources", "{BB45E9AD-8DA9-4B1C-9544-4E7095678A04}"
EndProject
Global
	GlobalSection(SolutionConfigurationPlatforms) = preSolution
		Debug|Any CPU = Debug|Any CPU
		Release|Any CPU = Release|Any CPU
	EndGlobalSection
	GlobalSection(ProjectConfigurationPlatforms) = postSolution
		{A57944EB-7A78-4CF6-B8C2-EA22C4AF8A91}.Debug|Any CPU.ActiveCfg = Debug|Any CPU
		{A57944EB-7A78-4CF6-B8C2-EA22C4AF8A91}.Debug|Any CPU.Build.0 = Debug|Any CPU
		{A57944EB-7A78-4CF6-B8C2-EA22C4AF8A91}.Release|Any CPU.ActiveCfg = Release|Any CPU
		{A57944EB-7A78-4CF6-B8C2-EA22C4AF8A91}.Release|Any CPU.Build.0 = Release|Any CPU
		{7E685721-33A6-4A38-A299-8D29E07D84F1}.Debug|Any CPU.ActiveCfg = Debug|Any CPU
		{7E685721-33A6-4A38-A299-8D29E07D84F1}.Debug|Any CPU.Build.0 = Debug|Any CPU
		{7E685721-33A6-4A38-A299-8D29E07D84F1}.Release|Any CPU.ActiveCfg = Release|Any CPU
		{7E685721-33A6-4A38-A299-8D29E07D84F1}.Release|Any CPU.Build.0 = Release|Any CPU
		{0DBCE22E-F384-4995-8AB4-275315D32059}.Debug|Any CPU.ActiveCfg = Debug|Any CPU
		{0DBCE22E-F384-4995-8AB4-275315D32059}.Debug|Any CPU.Build.0 = Debug|Any CPU
		{0DBCE22E-F384-4995-8AB4-275315D32059}.Release|Any CPU.ActiveCfg = Release|Any CPU
		{0DBCE22E-F384-4995-8AB4-275315D32059}.Release|Any CPU.Build.0 = Release|Any CPU
		{E620D412-1039-4F00-B851-FEB9AC6A670F}.Debug|Any CPU.ActiveCfg = Debug|Any CPU
		{E620D412-1039-4F00-B851-FEB9AC6A670F}.Debug|Any CPU.Build.0 = Debug|Any CPU
		{E620D412-1039-4F00-B851-FEB9AC6A670F}.Release|Any CPU.ActiveCfg = Release|Any CPU
		{E620D412-1039-4F00-B851-FEB9AC6A670F}.Release|Any CPU.Build.0 = Release|Any CPU
		{B65F4B60-D2B2-4DA5-9BD0-0820989DDBAE}.Debug|Any CPU.ActiveCfg = Debug|Any CPU
		{B65F4B60-D2B2-4DA5-9BD0-0820989DDBAE}.Debug|Any CPU.Build.0 = Debug|Any CPU
		{B65F4B60-D2B2-4DA5-9BD0-0820989DDBAE}.Release|Any CPU.ActiveCfg = Release|Any CPU
		{B65F4B60-D2B2-4DA5-9BD0-0820989DDBAE}.Release|Any CPU.Build.0 = Release|Any CPU
		{DEAEC50A-547A-44EB-A5B7-F4B56F77D353}.Debug|Any CPU.ActiveCfg = Debug|Any CPU
		{DEAEC50A-547A-44EB-A5B7-F4B56F77D353}.Debug|Any CPU.Build.0 = Debug|Any CPU
		{DEAEC50A-547A-44EB-A5B7-F4B56F77D353}.Release|Any CPU.ActiveCfg = Release|Any CPU
		{DEAEC50A-547A-44EB-A5B7-F4B56F77D353}.Release|Any CPU.Build.0 = Release|Any CPU
		{E2D13BF2-DFB6-4C51-92AB-FFCEF60A0A15}.Debug|Any CPU.ActiveCfg = Debug|Any CPU
		{E2D13BF2-DFB6-4C51-92AB-FFCEF60A0A15}.Debug|Any CPU.Build.0 = Debug|Any CPU
		{E2D13BF2-DFB6-4C51-92AB-FFCEF60A0A15}.Release|Any CPU.ActiveCfg = Release|Any CPU
		{E2D13BF2-DFB6-4C51-92AB-FFCEF60A0A15}.Release|Any CPU.Build.0 = Release|Any CPU
		{D4A8215B-794C-4C33-937F-ED7B7784376B}.Debug|Any CPU.ActiveCfg = Debug|Any CPU
		{D4A8215B-794C-4C33-937F-ED7B7784376B}.Debug|Any CPU.Build.0 = Debug|Any CPU
		{D4A8215B-794C-4C33-937F-ED7B7784376B}.Release|Any CPU.ActiveCfg = Release|Any CPU
		{D4A8215B-794C-4C33-937F-ED7B7784376B}.Release|Any CPU.Build.0 = Release|Any CPU
		{D078A93A-8A90-4C1C-ABBC-1302BC0DDEAA}.Debug|Any CPU.ActiveCfg = Debug|Any CPU
		{D078A93A-8A90-4C1C-ABBC-1302BC0DDEAA}.Debug|Any CPU.Build.0 = Debug|Any CPU
		{D078A93A-8A90-4C1C-ABBC-1302BC0DDEAA}.Release|Any CPU.ActiveCfg = Release|Any CPU
		{D078A93A-8A90-4C1C-ABBC-1302BC0DDEAA}.Release|Any CPU.Build.0 = Release|Any CPU
	EndGlobalSection
	GlobalSection(SolutionProperties) = preSolution
		HideSolutionNode = FALSE
	EndGlobalSection
	GlobalSection(NestedProjects) = preSolution
		{7E685721-33A6-4A38-A299-8D29E07D84F1} = {384A9F40-B2C4-4701-8941-0AC41403B45C}
		{0DBCE22E-F384-4995-8AB4-275315D32059} = {384A9F40-B2C4-4701-8941-0AC41403B45C}
		{E620D412-1039-4F00-B851-FEB9AC6A670F} = {384A9F40-B2C4-4701-8941-0AC41403B45C}
		{B65F4B60-D2B2-4DA5-9BD0-0820989DDBAE} = {1E62A877-D289-44DD-BB23-776CA581EFB2}
		{02EA681E-C7D8-13C7-8484-4AC65E1B71E8} = {BB45E9AD-8DA9-4B1C-9544-4E7095678A04}
		{384A9F40-B2C4-4701-8941-0AC41403B45C} = {02EA681E-C7D8-13C7-8484-4AC65E1B71E8}
		{F58B2A92-814D-43BF-A627-EF8393CBFB99} = {02EA681E-C7D8-13C7-8484-4AC65E1B71E8}
		{C38D2AE6-26F0-47B0-B918-B3EAA93C4DEA} = {BB45E9AD-8DA9-4B1C-9544-4E7095678A04}
		{1E62A877-D289-44DD-BB23-776CA581EFB2} = {C38D2AE6-26F0-47B0-B918-B3EAA93C4DEA}
		{4392F274-A687-4489-AFB2-A9E595DE7597} = {C38D2AE6-26F0-47B0-B918-B3EAA93C4DEA}
		{D4A8215B-794C-4C33-937F-ED7B7784376B} = {F58B2A92-814D-43BF-A627-EF8393CBFB99}
		{D078A93A-8A90-4C1C-ABBC-1302BC0DDEAA} = {4392F274-A687-4489-AFB2-A9E595DE7597}
	EndGlobalSection
	GlobalSection(ExtensibilityGlobals) = postSolution
		SolutionGuid = {7FA67479-D58A-415E-BF6A-C9C7A128A519}
	EndGlobalSection
EndGlobal
