
Microsoft Visual Studio Solution File, Format Version 12.00
# Visual Studio Version 16
VisualStudioVersion = 16.0.29318.209
MinimumVisualStudioVersion = 15.0.26124.0
Project("{FAE04EC0-301F-11D3-BF4B-00C04F79EFBC}") = "BlazorBootstrapTestHost", "BlazorBootstrapTestHost\BlazorBootstrapTestHost.csproj", "{0700B6EF-3AB6-4242-8AC8-01C8BC36794B}"
EndProject
Global
	GlobalSection(SolutionConfigurationPlatforms) = preSolution
		Debug|Any CPU = Debug|Any CPU
		Debug|x64 = Debug|x64
		Debug|x86 = Debug|x86
		Release|Any CPU = Release|Any CPU
		Release|x64 = Release|x64
		Release|x86 = Release|x86
	EndGlobalSection
	GlobalSection(ProjectConfigurationPlatforms) = postSolution
		{0700B6EF-3AB6-4242-8AC8-01C8BC36794B}.Debug|Any CPU.ActiveCfg = Debug|Any CPU
		{0700B6EF-3AB6-4242-8AC8-01C8BC36794B}.Debug|Any CPU.Build.0 = Debug|Any CPU
		{0700B6EF-3AB6-4242-8AC8-01C8BC36794B}.Debug|x64.ActiveCfg = Debug|Any CPU
		{0700B6EF-3AB6-4242-8AC8-01C8BC36794B}.Debug|x64.Build.0 = Debug|Any CPU
		{0700B6EF-3AB6-4242-8AC8-01C8BC36794B}.Debug|x86.ActiveCfg = Debug|Any CPU
		{0700B6EF-3AB6-4242-8AC8-01C8BC36794B}.Debug|x86.Build.0 = Debug|Any CPU
		{0700B6EF-3AB6-4242-8AC8-01C8BC36794B}.Release|Any CPU.ActiveCfg = Release|Any CPU
		{0700B6EF-3AB6-4242-8AC8-01C8BC36794B}.Release|Any CPU.Build.0 = Release|Any CPU
		{0700B6EF-3AB6-4242-8AC8-01C8BC36794B}.Release|x64.ActiveCfg = Release|Any CPU
		{0700B6EF-3AB6-4242-8AC8-01C8BC36794B}.Release|x64.Build.0 = Release|Any CPU
		{0700B6EF-3AB6-4242-8AC8-01C8BC36794B}.Release|x86.ActiveCfg = Release|Any CPU
		{0700B6EF-3AB6-4242-8AC8-01C8BC36794B}.Release|x86.Build.0 = Release|Any CPU
	EndGlobalSection
	GlobalSection(SolutionProperties) = preSolution
		HideSolutionNode = FALSE
	EndGlobalSection
	GlobalSection(ExtensibilityGlobals) = postSolution
		SolutionGuid = {7FA67479-D58A-415E-BF6A-C9C7A128A519}
	EndGlobalSection
EndGlobal
