
Microsoft Visual Studio Solution File, Format Version 12.00
# Visual Studio Version 16
VisualStudioVersion = 16.0.29318.209
MinimumVisualStudioVersion = 15.0.26124.0
Project("{9A19103F-16F7-4668-BE54-9A1E7A4F7556}") = "BlazorBootstrap.Components", "BlazorBootstrap.Components\BlazorBootstrap.Components.csproj", "{ED631264-757D-4588-A133-1F5225D8E9E1}"
EndProject
Project("{9A19103F-16F7-4668-BE54-9A1E7A4F7556}") = "ServerTestHost", "ServerTestHost\ServerTestHost.csproj", "{BF4040C9-7505-4D5A-8993-10275EFB4C11}"
EndProject
Project("{9A19103F-16F7-4668-BE54-9A1E7A4F7556}") = "BlazorBootstrap.Components.Showroom", "BlazorBootstrap.Components.Showroom\BlazorBootstrap.Components.Showroom.csproj", "{E5E1D9E9-C269-420F-9534-11489BAB1750}"
EndProject
Project("{9A19103F-16F7-4668-BE54-9A1E7A4F7556}") = "ClientTestHost", "ClientTestHost\ClientTestHost.csproj", "{A5C5ABE3-AED9-4A1B-B95C-3248A7EA16CA}"
EndProject
Global
	GlobalSection(SolutionConfigurationPlatforms) = preSolution
		Debug|Any CPU = Debug|Any CPU
		Debug|x64 = Debug|x64
		Debug|x86 = Debug|x86
		Release|Any CPU = Release|Any CPU
		Release|x64 = Release|x64
		Release|x86 = Release|x86
	EndGlobalSection
	GlobalSection(ProjectConfigurationPlatforms) = postSolution
		{ED631264-757D-4588-A133-1F5225D8E9E1}.Debug|Any CPU.ActiveCfg = Debug|Any CPU
		{ED631264-757D-4588-A133-1F5225D8E9E1}.Debug|Any CPU.Build.0 = Debug|Any CPU
		{ED631264-757D-4588-A133-1F5225D8E9E1}.Debug|x64.ActiveCfg = Debug|Any CPU
		{ED631264-757D-4588-A133-1F5225D8E9E1}.Debug|x64.Build.0 = Debug|Any CPU
		{ED631264-757D-4588-A133-1F5225D8E9E1}.Debug|x86.ActiveCfg = Debug|Any CPU
		{ED631264-757D-4588-A133-1F5225D8E9E1}.Debug|x86.Build.0 = Debug|Any CPU
		{ED631264-757D-4588-A133-1F5225D8E9E1}.Release|Any CPU.ActiveCfg = Release|Any CPU
		{ED631264-757D-4588-A133-1F5225D8E9E1}.Release|Any CPU.Build.0 = Release|Any CPU
		{ED631264-757D-4588-A133-1F5225D8E9E1}.Release|x64.ActiveCfg = Release|Any CPU
		{ED631264-757D-4588-A133-1F5225D8E9E1}.Release|x64.Build.0 = Release|Any CPU
		{ED631264-757D-4588-A133-1F5225D8E9E1}.Release|x86.ActiveCfg = Release|Any CPU
		{ED631264-757D-4588-A133-1F5225D8E9E1}.Release|x86.Build.0 = Release|Any CPU
		{BF4040C9-7505-4D5A-8993-10275EFB4C11}.Debug|Any CPU.ActiveCfg = Debug|Any CPU
		{BF4040C9-7505-4D5A-8993-10275EFB4C11}.Debug|Any CPU.Build.0 = Debug|Any CPU
		{BF4040C9-7505-4D5A-8993-10275EFB4C11}.Debug|x64.ActiveCfg = Debug|Any CPU
		{BF4040C9-7505-4D5A-8993-10275EFB4C11}.Debug|x64.Build.0 = Debug|Any CPU
		{BF4040C9-7505-4D5A-8993-10275EFB4C11}.Debug|x86.ActiveCfg = Debug|Any CPU
		{BF4040C9-7505-4D5A-8993-10275EFB4C11}.Debug|x86.Build.0 = Debug|Any CPU
		{BF4040C9-7505-4D5A-8993-10275EFB4C11}.Release|Any CPU.ActiveCfg = Release|Any CPU
		{BF4040C9-7505-4D5A-8993-10275EFB4C11}.Release|Any CPU.Build.0 = Release|Any CPU
		{BF4040C9-7505-4D5A-8993-10275EFB4C11}.Release|x64.ActiveCfg = Release|Any CPU
		{BF4040C9-7505-4D5A-8993-10275EFB4C11}.Release|x64.Build.0 = Release|Any CPU
		{BF4040C9-7505-4D5A-8993-10275EFB4C11}.Release|x86.ActiveCfg = Release|Any CPU
		{BF4040C9-7505-4D5A-8993-10275EFB4C11}.Release|x86.Build.0 = Release|Any CPU
		{E5E1D9E9-C269-420F-9534-11489BAB1750}.Debug|Any CPU.ActiveCfg = Debug|Any CPU
		{E5E1D9E9-C269-420F-9534-11489BAB1750}.Debug|Any CPU.Build.0 = Debug|Any CPU
		{E5E1D9E9-C269-420F-9534-11489BAB1750}.Debug|x64.ActiveCfg = Debug|Any CPU
		{E5E1D9E9-C269-420F-9534-11489BAB1750}.Debug|x64.Build.0 = Debug|Any CPU
		{E5E1D9E9-C269-420F-9534-11489BAB1750}.Debug|x86.ActiveCfg = Debug|Any CPU
		{E5E1D9E9-C269-420F-9534-11489BAB1750}.Debug|x86.Build.0 = Debug|Any CPU
		{E5E1D9E9-C269-420F-9534-11489BAB1750}.Release|Any CPU.ActiveCfg = Release|Any CPU
		{E5E1D9E9-C269-420F-9534-11489BAB1750}.Release|Any CPU.Build.0 = Release|Any CPU
		{E5E1D9E9-C269-420F-9534-11489BAB1750}.Release|x64.ActiveCfg = Release|Any CPU
		{E5E1D9E9-C269-420F-9534-11489BAB1750}.Release|x64.Build.0 = Release|Any CPU
		{E5E1D9E9-C269-420F-9534-11489BAB1750}.Release|x86.ActiveCfg = Release|Any CPU
		{E5E1D9E9-C269-420F-9534-11489BAB1750}.Release|x86.Build.0 = Release|Any CPU
		{A5C5ABE3-AED9-4A1B-B95C-3248A7EA16CA}.Debug|Any CPU.ActiveCfg = Debug|Any CPU
		{A5C5ABE3-AED9-4A1B-B95C-3248A7EA16CA}.Debug|Any CPU.Build.0 = Debug|Any CPU
		{A5C5ABE3-AED9-4A1B-B95C-3248A7EA16CA}.Debug|x64.ActiveCfg = Debug|Any CPU
		{A5C5ABE3-AED9-4A1B-B95C-3248A7EA16CA}.Debug|x64.Build.0 = Debug|Any CPU
		{A5C5ABE3-AED9-4A1B-B95C-3248A7EA16CA}.Debug|x86.ActiveCfg = Debug|Any CPU
		{A5C5ABE3-AED9-4A1B-B95C-3248A7EA16CA}.Debug|x86.Build.0 = Debug|Any CPU
		{A5C5ABE3-AED9-4A1B-B95C-3248A7EA16CA}.Release|Any CPU.ActiveCfg = Release|Any CPU
		{A5C5ABE3-AED9-4A1B-B95C-3248A7EA16CA}.Release|Any CPU.Build.0 = Release|Any CPU
		{A5C5ABE3-AED9-4A1B-B95C-3248A7EA16CA}.Release|x64.ActiveCfg = Release|Any CPU
		{A5C5ABE3-AED9-4A1B-B95C-3248A7EA16CA}.Release|x64.Build.0 = Release|Any CPU
		{A5C5ABE3-AED9-4A1B-B95C-3248A7EA16CA}.Release|x86.ActiveCfg = Release|Any CPU
		{A5C5ABE3-AED9-4A1B-B95C-3248A7EA16CA}.Release|x86.Build.0 = Release|Any CPU
	EndGlobalSection
	GlobalSection(SolutionProperties) = preSolution
		HideSolutionNode = FALSE
	EndGlobalSection
	GlobalSection(ExtensibilityGlobals) = postSolution
		SolutionGuid = {7FA67479-D58A-415E-BF6A-C9C7A128A519}
	EndGlobalSection
EndGlobal
